
Microsoft Visual Studio Solution File, Format Version 12.00
# Visual Studio Version 16
VisualStudioVersion = 16.0.31410.357
MinimumVisualStudioVersion = 10.0.40219.1
Project("{FAE04EC0-301F-11D3-BF4B-00C04F79EFBC}") = "LicenseApp.UWP", "LicenseApp.UWP\LicenseApp.UWP.csproj", "{9D9B89B2-FD05-46E5-9D5D-D4159F2A161A}"
EndProject
Project("{FAE04EC0-301F-11D3-BF4B-00C04F79EFBC}") = "LicenseApp.Android", "LicenseApp.Android\LicenseApp.Android.csproj", "{29C1086F-3117-4D76-9C48-205D2DF669DA}"
EndProject
Project("{FAE04EC0-301F-11D3-BF4B-00C04F79EFBC}") = "LicenseApp.iOS", "LicenseApp.iOS\LicenseApp.iOS.csproj", "{F7B90FBA-E24B-4C15-9EF6-981CA07D2CCD}"
EndProject
Project("{FAE04EC0-301F-11D3-BF4B-00C04F79EFBC}") = "LicenseApp", "LicenseApp\LicenseApp.csproj", "{7A634584-C917-418C-9D92-F9F626CAA095}"
EndProject
Global
	GlobalSection(SolutionConfigurationPlatforms) = preSolution
		Debug|Any CPU = Debug|Any CPU
		Debug|ARM = Debug|ARM
		Debug|iPhone = Debug|iPhone
		Debug|iPhoneSimulator = Debug|iPhoneSimulator
		Debug|x64 = Debug|x64
		Debug|x86 = Debug|x86
		Release|Any CPU = Release|Any CPU
		Release|ARM = Release|ARM
		Release|iPhone = Release|iPhone
		Release|iPhoneSimulator = Release|iPhoneSimulator
		Release|x64 = Release|x64
		Release|x86 = Release|x86
	EndGlobalSection
	GlobalSection(ProjectConfigurationPlatforms) = postSolution
		{9D9B89B2-FD05-46E5-9D5D-D4159F2A161A}.Debug|Any CPU.ActiveCfg = Debug|x86
		{9D9B89B2-FD05-46E5-9D5D-D4159F2A161A}.Debug|Any CPU.Build.0 = Debug|x86
		{9D9B89B2-FD05-46E5-9D5D-D4159F2A161A}.Debug|Any CPU.Deploy.0 = Debug|x86
		{9D9B89B2-FD05-46E5-9D5D-D4159F2A161A}.Debug|ARM.ActiveCfg = Debug|ARM
		{9D9B89B2-FD05-46E5-9D5D-D4159F2A161A}.Debug|ARM.Build.0 = Debug|ARM
		{9D9B89B2-FD05-46E5-9D5D-D4159F2A161A}.Debug|ARM.Deploy.0 = Debug|ARM
		{9D9B89B2-FD05-46E5-9D5D-D4159F2A161A}.Debug|iPhone.ActiveCfg = Debug|x86
		{9D9B89B2-FD05-46E5-9D5D-D4159F2A161A}.Debug|iPhone.Build.0 = Debug|x86
		{9D9B89B2-FD05-46E5-9D5D-D4159F2A161A}.Debug|iPhone.Deploy.0 = Debug|x86
		{9D9B89B2-FD05-46E5-9D5D-D4159F2A161A}.Debug|iPhoneSimulator.ActiveCfg = Debug|x86
		{9D9B89B2-FD05-46E5-9D5D-D4159F2A161A}.Debug|iPhoneSimulator.Build.0 = Debug|x86
		{9D9B89B2-FD05-46E5-9D5D-D4159F2A161A}.Debug|iPhoneSimulator.Deploy.0 = Debug|x86
		{9D9B89B2-FD05-46E5-9D5D-D4159F2A161A}.Debug|x64.ActiveCfg = Debug|x64
		{9D9B89B2-FD05-46E5-9D5D-D4159F2A161A}.Debug|x64.Build.0 = Debug|x64
		{9D9B89B2-FD05-46E5-9D5D-D4159F2A161A}.Debug|x64.Deploy.0 = Debug|x64
		{9D9B89B2-FD05-46E5-9D5D-D4159F2A161A}.Debug|x86.ActiveCfg = Debug|x86
		{9D9B89B2-FD05-46E5-9D5D-D4159F2A161A}.Debug|x86.Build.0 = Debug|x86
		{9D9B89B2-FD05-46E5-9D5D-D4159F2A161A}.Debug|x86.Deploy.0 = Debug|x86
		{9D9B89B2-FD05-46E5-9D5D-D4159F2A161A}.Release|Any CPU.ActiveCfg = Release|x86
		{9D9B89B2-FD05-46E5-9D5D-D4159F2A161A}.Release|Any CPU.Build.0 = Release|x86
		{9D9B89B2-FD05-46E5-9D5D-D4159F2A161A}.Release|Any CPU.Deploy.0 = Release|x86
		{9D9B89B2-FD05-46E5-9D5D-D4159F2A161A}.Release|ARM.ActiveCfg = Release|ARM
		{9D9B89B2-FD05-46E5-9D5D-D4159F2A161A}.Release|ARM.Build.0 = Release|ARM
		{9D9B89B2-FD05-46E5-9D5D-D4159F2A161A}.Release|ARM.Deploy.0 = Release|ARM
		{9D9B89B2-FD05-46E5-9D5D-D4159F2A161A}.Release|iPhone.ActiveCfg = Release|x86
		{9D9B89B2-FD05-46E5-9D5D-D4159F2A161A}.Release|iPhone.Build.0 = Release|x86
		{9D9B89B2-FD05-46E5-9D5D-D4159F2A161A}.Release|iPhone.Deploy.0 = Release|x86
		{9D9B89B2-FD05-46E5-9D5D-D4159F2A161A}.Release|iPhoneSimulator.ActiveCfg = Release|x86
		{9D9B89B2-FD05-46E5-9D5D-D4159F2A161A}.Release|iPhoneSimulator.Build.0 = Release|x86
		{9D9B89B2-FD05-46E5-9D5D-D4159F2A161A}.Release|iPhoneSimulator.Deploy.0 = Release|x86
		{9D9B89B2-FD05-46E5-9D5D-D4159F2A161A}.Release|x64.ActiveCfg = Release|x64
		{9D9B89B2-FD05-46E5-9D5D-D4159F2A161A}.Release|x64.Build.0 = Release|x64
		{9D9B89B2-FD05-46E5-9D5D-D4159F2A161A}.Release|x64.Deploy.0 = Release|x64
		{9D9B89B2-FD05-46E5-9D5D-D4159F2A161A}.Release|x86.ActiveCfg = Release|x86
		{9D9B89B2-FD05-46E5-9D5D-D4159F2A161A}.Release|x86.Build.0 = Release|x86
		{9D9B89B2-FD05-46E5-9D5D-D4159F2A161A}.Release|x86.Deploy.0 = Release|x86
		{29C1086F-3117-4D76-9C48-205D2DF669DA}.Debug|Any CPU.ActiveCfg = Debug|Any CPU
		{29C1086F-3117-4D76-9C48-205D2DF669DA}.Debug|Any CPU.Build.0 = Debug|Any CPU
		{29C1086F-3117-4D76-9C48-205D2DF669DA}.Debug|Any CPU.Deploy.0 = Debug|Any CPU
		{29C1086F-3117-4D76-9C48-205D2DF669DA}.Debug|ARM.ActiveCfg = Debug|Any CPU
		{29C1086F-3117-4D76-9C48-205D2DF669DA}.Debug|ARM.Build.0 = Debug|Any CPU
		{29C1086F-3117-4D76-9C48-205D2DF669DA}.Debug|ARM.Deploy.0 = Debug|Any CPU
		{29C1086F-3117-4D76-9C48-205D2DF669DA}.Debug|iPhone.ActiveCfg = Debug|Any CPU
		{29C1086F-3117-4D76-9C48-205D2DF669DA}.Debug|iPhone.Build.0 = Debug|Any CPU
		{29C1086F-3117-4D76-9C48-205D2DF669DA}.Debug|iPhone.Deploy.0 = Debug|Any CPU
		{29C1086F-3117-4D76-9C48-205D2DF669DA}.Debug|iPhoneSimulator.ActiveCfg = Debug|Any CPU
		{29C1086F-3117-4D76-9C48-205D2DF669DA}.Debug|iPhoneSimulator.Build.0 = Debug|Any CPU
		{29C1086F-3117-4D76-9C48-205D2DF669DA}.Debug|iPhoneSimulator.Deploy.0 = Debug|Any CPU
		{29C1086F-3117-4D76-9C48-205D2DF669DA}.Debug|x64.ActiveCfg = Debug|Any CPU
		{29C1086F-3117-4D76-9C48-205D2DF669DA}.Debug|x64.Build.0 = Debug|Any CPU
		{29C1086F-3117-4D76-9C48-205D2DF669DA}.Debug|x64.Deploy.0 = Debug|Any CPU
		{29C1086F-3117-4D76-9C48-205D2DF669DA}.Debug|x86.ActiveCfg = Debug|Any CPU
		{29C1086F-3117-4D76-9C48-205D2DF669DA}.Debug|x86.Build.0 = Debug|Any CPU
		{29C1086F-3117-4D76-9C48-205D2DF669DA}.Debug|x86.Deploy.0 = Debug|Any CPU
		{29C1086F-3117-4D76-9C48-205D2DF669DA}.Release|Any CPU.ActiveCfg = Release|Any CPU
		{29C1086F-3117-4D76-9C48-205D2DF669DA}.Release|Any CPU.Build.0 = Release|Any CPU
		{29C1086F-3117-4D76-9C48-205D2DF669DA}.Release|Any CPU.Deploy.0 = Release|Any CPU
		{29C1086F-3117-4D76-9C48-205D2DF669DA}.Release|ARM.ActiveCfg = Release|Any CPU
		{29C1086F-3117-4D76-9C48-205D2DF669DA}.Release|ARM.Build.0 = Release|Any CPU
		{29C1086F-3117-4D76-9C48-205D2DF669DA}.Release|ARM.Deploy.0 = Release|Any CPU
		{29C1086F-3117-4D76-9C48-205D2DF669DA}.Release|iPhone.ActiveCfg = Release|Any CPU
		{29C1086F-3117-4D76-9C48-205D2DF669DA}.Release|iPhone.Build.0 = Release|Any CPU
		{29C1086F-3117-4D76-9C48-205D2DF669DA}.Release|iPhone.Deploy.0 = Release|Any CPU
		{29C1086F-3117-4D76-9C48-205D2DF669DA}.Release|iPhoneSimulator.ActiveCfg = Release|Any CPU
		{29C1086F-3117-4D76-9C48-205D2DF669DA}.Release|iPhoneSimulator.Build.0 = Release|Any CPU
		{29C1086F-3117-4D76-9C48-205D2DF669DA}.Release|iPhoneSimulator.Deploy.0 = Release|Any CPU
		{29C1086F-3117-4D76-9C48-205D2DF669DA}.Release|x64.ActiveCfg = Release|Any CPU
		{29C1086F-3117-4D76-9C48-205D2DF669DA}.Release|x64.Build.0 = Release|Any CPU
		{29C1086F-3117-4D76-9C48-205D2DF669DA}.Release|x64.Deploy.0 = Release|Any CPU
		{29C1086F-3117-4D76-9C48-205D2DF669DA}.Release|x86.ActiveCfg = Release|Any CPU
		{29C1086F-3117-4D76-9C48-205D2DF669DA}.Release|x86.Build.0 = Release|Any CPU
		{29C1086F-3117-4D76-9C48-205D2DF669DA}.Release|x86.Deploy.0 = Release|Any CPU
		{F7B90FBA-E24B-4C15-9EF6-981CA07D2CCD}.Debug|Any CPU.ActiveCfg = Debug|iPhoneSimulator
		{F7B90FBA-E24B-4C15-9EF6-981CA07D2CCD}.Debug|Any CPU.Build.0 = Debug|iPhoneSimulator
		{F7B90FBA-E24B-4C15-9EF6-981CA07D2CCD}.Debug|Any CPU.Deploy.0 = Debug|iPhoneSimulator
		{F7B90FBA-E24B-4C15-9EF6-981CA07D2CCD}.Debug|ARM.ActiveCfg = Debug|iPhone
		{F7B90FBA-E24B-4C15-9EF6-981CA07D2CCD}.Debug|ARM.Build.0 = Debug|iPhone
		{F7B90FBA-E24B-4C15-9EF6-981CA07D2CCD}.Debug|ARM.Deploy.0 = Debug|iPhone
		{F7B90FBA-E24B-4C15-9EF6-981CA07D2CCD}.Debug|iPhone.ActiveCfg = Debug|iPhone
		{F7B90FBA-E24B-4C15-9EF6-981CA07D2CCD}.Debug|iPhone.Build.0 = Debug|iPhone
		{F7B90FBA-E24B-4C15-9EF6-981CA07D2CCD}.Debug|iPhone.Deploy.0 = Debug|iPhone
		{F7B90FBA-E24B-4C15-9EF6-981CA07D2CCD}.Debug|iPhoneSimulator.ActiveCfg = Debug|iPhoneSimulator
		{F7B90FBA-E24B-4C15-9EF6-981CA07D2CCD}.Debug|iPhoneSimulator.Build.0 = Debug|iPhoneSimulator
		{F7B90FBA-E24B-4C15-9EF6-981CA07D2CCD}.Debug|iPhoneSimulator.Deploy.0 = Debug|iPhoneSimulator
		{F7B90FBA-E24B-4C15-9EF6-981CA07D2CCD}.Debug|x64.ActiveCfg = Debug|iPhoneSimulator
		{F7B90FBA-E24B-4C15-9EF6-981CA07D2CCD}.Debug|x64.Build.0 = Debug|iPhoneSimulator
		{F7B90FBA-E24B-4C15-9EF6-981CA07D2CCD}.Debug|x64.Deploy.0 = Debug|iPhoneSimulator
		{F7B90FBA-E24B-4C15-9EF6-981CA07D2CCD}.Debug|x86.ActiveCfg = Debug|iPhoneSimulator
		{F7B90FBA-E24B-4C15-9EF6-981CA07D2CCD}.Debug|x86.Build.0 = Debug|iPhoneSimulator
		{F7B90FBA-E24B-4C15-9EF6-981CA07D2CCD}.Debug|x86.Deploy.0 = Debug|iPhoneSimulator
		{F7B90FBA-E24B-4C15-9EF6-981CA07D2CCD}.Release|Any CPU.ActiveCfg = Release|iPhoneSimulator
		{F7B90FBA-E24B-4C15-9EF6-981CA07D2CCD}.Release|Any CPU.Build.0 = Release|iPhoneSimulator
		{F7B90FBA-E24B-4C15-9EF6-981CA07D2CCD}.Release|Any CPU.Deploy.0 = Release|iPhoneSimulator
		{F7B90FBA-E24B-4C15-9EF6-981CA07D2CCD}.Release|ARM.ActiveCfg = Release|iPhoneSimulator
		{F7B90FBA-E24B-4C15-9EF6-981CA07D2CCD}.Release|ARM.Build.0 = Release|iPhoneSimulator
		{F7B90FBA-E24B-4C15-9EF6-981CA07D2CCD}.Release|ARM.Deploy.0 = Release|iPhoneSimulator
		{F7B90FBA-E24B-4C15-9EF6-981CA07D2CCD}.Release|iPhone.ActiveCfg = Release|iPhone
		{F7B90FBA-E24B-4C15-9EF6-981CA07D2CCD}.Release|iPhone.Build.0 = Release|iPhone
		{F7B90FBA-E24B-4C15-9EF6-981CA07D2CCD}.Release|iPhone.Deploy.0 = Release|iPhone
		{F7B90FBA-E24B-4C15-9EF6-981CA07D2CCD}.Release|iPhoneSimulator.ActiveCfg = Release|iPhoneSimulator
		{F7B90FBA-E24B-4C15-9EF6-981CA07D2CCD}.Release|iPhoneSimulator.Build.0 = Release|iPhoneSimulator
		{F7B90FBA-E24B-4C15-9EF6-981CA07D2CCD}.Release|iPhoneSimulator.Deploy.0 = Release|iPhoneSimulator
		{F7B90FBA-E24B-4C15-9EF6-981CA07D2CCD}.Release|x64.ActiveCfg = Release|iPhoneSimulator
		{F7B90FBA-E24B-4C15-9EF6-981CA07D2CCD}.Release|x64.Build.0 = Release|iPhoneSimulator
		{F7B90FBA-E24B-4C15-9EF6-981CA07D2CCD}.Release|x64.Deploy.0 = Release|iPhoneSimulator
		{F7B90FBA-E24B-4C15-9EF6-981CA07D2CCD}.Release|x86.ActiveCfg = Release|iPhoneSimulator
		{F7B90FBA-E24B-4C15-9EF6-981CA07D2CCD}.Release|x86.Build.0 = Release|iPhoneSimulator
		{F7B90FBA-E24B-4C15-9EF6-981CA07D2CCD}.Release|x86.Deploy.0 = Release|iPhoneSimulator
		{7A634584-C917-418C-9D92-F9F626CAA095}.Debug|Any CPU.ActiveCfg = Debug|Any CPU
		{7A634584-C917-418C-9D92-F9F626CAA095}.Debug|Any CPU.Build.0 = Debug|Any CPU
		{7A634584-C917-418C-9D92-F9F626CAA095}.Debug|Any CPU.Deploy.0 = Debug|Any CPU
		{7A634584-C917-418C-9D92-F9F626CAA095}.Debug|ARM.ActiveCfg = Debug|Any CPU
		{7A634584-C917-418C-9D92-F9F626CAA095}.Debug|ARM.Build.0 = Debug|Any CPU
		{7A634584-C917-418C-9D92-F9F626CAA095}.Debug|ARM.Deploy.0 = Debug|Any CPU
		{7A634584-C917-418C-9D92-F9F626CAA095}.Debug|iPhone.ActiveCfg = Debug|Any CPU
		{7A634584-C917-418C-9D92-F9F626CAA095}.Debug|iPhone.Build.0 = Debug|Any CPU
		{7A634584-C917-418C-9D92-F9F626CAA095}.Debug|iPhone.Deploy.0 = Debug|Any CPU
		{7A634584-C917-418C-9D92-F9F626CAA095}.Debug|iPhoneSimulator.ActiveCfg = Debug|Any CPU
		{7A634584-C917-418C-9D92-F9F626CAA095}.Debug|iPhoneSimulator.Build.0 = Debug|Any CPU
		{7A634584-C917-418C-9D92-F9F626CAA095}.Debug|iPhoneSimulator.Deploy.0 = Debug|Any CPU
		{7A634584-C917-418C-9D92-F9F626CAA095}.Debug|x64.ActiveCfg = Debug|Any CPU
		{7A634584-C917-418C-9D92-F9F626CAA095}.Debug|x64.Build.0 = Debug|Any CPU
		{7A634584-C917-418C-9D92-F9F626CAA095}.Debug|x64.Deploy.0 = Debug|Any CPU
		{7A634584-C917-418C-9D92-F9F626CAA095}.Debug|x86.ActiveCfg = Debug|Any CPU
		{7A634584-C917-418C-9D92-F9F626CAA095}.Debug|x86.Build.0 = Debug|Any CPU
		{7A634584-C917-418C-9D92-F9F626CAA095}.Debug|x86.Deploy.0 = Debug|Any CPU
		{7A634584-C917-418C-9D92-F9F626CAA095}.Release|Any CPU.ActiveCfg = Release|Any CPU
		{7A634584-C917-418C-9D92-F9F626CAA095}.Release|Any CPU.Build.0 = Release|Any CPU
		{7A634584-C917-418C-9D92-F9F626CAA095}.Release|Any CPU.Deploy.0 = Release|Any CPU
		{7A634584-C917-418C-9D92-F9F626CAA095}.Release|ARM.ActiveCfg = Release|Any CPU
		{7A634584-C917-418C-9D92-F9F626CAA095}.Release|ARM.Build.0 = Release|Any CPU
		{7A634584-C917-418C-9D92-F9F626CAA095}.Release|ARM.Deploy.0 = Release|Any CPU
		{7A634584-C917-418C-9D92-F9F626CAA095}.Release|iPhone.ActiveCfg = Release|Any CPU
		{7A634584-C917-418C-9D92-F9F626CAA095}.Release|iPhone.Build.0 = Release|Any CPU
		{7A634584-C917-418C-9D92-F9F626CAA095}.Release|iPhone.Deploy.0 = Release|Any CPU
		{7A634584-C917-418C-9D92-F9F626CAA095}.Release|iPhoneSimulator.ActiveCfg = Release|Any CPU
		{7A634584-C917-418C-9D92-F9F626CAA095}.Release|iPhoneSimulator.Build.0 = Release|Any CPU
		{7A634584-C917-418C-9D92-F9F626CAA095}.Release|iPhoneSimulator.Deploy.0 = Release|Any CPU
		{7A634584-C917-418C-9D92-F9F626CAA095}.Release|x64.ActiveCfg = Release|Any CPU
		{7A634584-C917-418C-9D92-F9F626CAA095}.Release|x64.Build.0 = Release|Any CPU
		{7A634584-C917-418C-9D92-F9F626CAA095}.Release|x64.Deploy.0 = Release|Any CPU
		{7A634584-C917-418C-9D92-F9F626CAA095}.Release|x86.ActiveCfg = Release|Any CPU
		{7A634584-C917-418C-9D92-F9F626CAA095}.Release|x86.Build.0 = Release|Any CPU
		{7A634584-C917-418C-9D92-F9F626CAA095}.Release|x86.Deploy.0 = Release|Any CPU
	EndGlobalSection
	GlobalSection(SolutionProperties) = preSolution
		HideSolutionNode = FALSE
	EndGlobalSection
	GlobalSection(ExtensibilityGlobals) = postSolution
		SolutionGuid = {C6C69E8E-3654-42DB-9ADC-1624F245CDCB}
	EndGlobalSection
EndGlobal
